
Microsoft Visual Studio Solution File, Format Version 12.00
# Visual Studio 15
VisualStudioVersion = 15.0.27703.2042
MinimumVisualStudioVersion = 10.0.40219.1
Project("{FAE04EC0-301F-11D3-BF4B-00C04F79EFBC}") = "QALWebApplication", "QALWebApplication\QALWebApplication.csproj", "{B749598F-B4EC-448A-A981-6D2A20C5B373}"
EndProject
Global
	GlobalSection(SolutionConfigurationPlatforms) = preSolution
		Debug|Any CPU = Debug|Any CPU
		Release|Any CPU = Release|Any CPU
	EndGlobalSection
	GlobalSection(ProjectConfigurationPlatforms) = postSolution
		{B749598F-B4EC-448A-A981-6D2A20C5B373}.Debug|Any CPU.ActiveCfg = Debug|Any CPU
		{B749598F-B4EC-448A-A981-6D2A20C5B373}.Debug|Any CPU.Build.0 = Debug|Any CPU
		{B749598F-B4EC-448A-A981-6D2A20C5B373}.Release|Any CPU.ActiveCfg = Release|Any CPU
		{B749598F-B4EC-448A-A981-6D2A20C5B373}.Release|Any CPU.Build.0 = Release|Any CPU
	EndGlobalSection
	GlobalSection(SolutionProperties) = preSolution
		HideSolutionNode = FALSE
	EndGlobalSection
	GlobalSection(ExtensibilityGlobals) = postSolution
		SolutionGuid = {F6D4945B-E7E0-406D-A162-09123257371A}
	EndGlobalSection
EndGlobal
